{
  "nodes": {
    "flake-utils": {
      "locked": {
        "lastModified": 1667395993,
        "narHash": "sha256-nuEHfE/LcWyuSWnS8t12N1wc105Qtau+/OdUAjtQ0rA=",
        "owner": "numtide",
        "repo": "flake-utils",
        "rev": "5aed5285a952e0b949eb3ba02c12fa4fcfef535f",
        "type": "github"
      },
      "original": {
        "owner": "numtide",
        "repo": "flake-utils",
        "type": "github"
      }
    },
    "nixpkgs": {
      "locked": {
        "lastModified": 1671035992,
        "narHash": "sha256-KvCBf0dIcKjCJrOblWalqerqdIvcvUzBM02LyeUwGmM=",
        "owner": "NixOS",
        "repo": "nixpkgs",
        "rev": "d7e27ad47ab9c5218c23b53de31eb29d7d8b02ab",
        "type": "github"
      },
      "original": {
        "owner": "NixOS",
        "repo": "nixpkgs",
        "type": "github"
      }
    },
    "root": {
      "inputs": {
        "nixpkgs": "nixpkgs",
        "sbt": "sbt"
      }
    },
    "sbt": {
      "inputs": {
        "flake-utils": "flake-utils",
        "nixpkgs": [
          "nixpkgs"
        ]
      },
      "locked": {
        "lastModified": 1670683679,
        "narHash": "sha256-6SNkggK5ki8iulmaAAYr8uOxbwxUpp6DD8bVM2Cv5Q0=",
        "owner": "zaninime",
        "repo": "sbt-derivation",
        "rev": "847f28faf9d72d4f312dc20728994453bb250604",
        "type": "github"
      },
      "original": {
        "owner": "zaninime",
        "repo": "sbt-derivation",
        "type": "github"
      }
    }
  },
  "root": "root",
  "version": 7
}
