{
  "nodes": {
    "nixpkgs": {
      "locked": {
        "lastModified": 1671636183,
        "narHash": "sha256-dboEYqb7vnH9pVEwgaWz7dzVi7eh6N5tRuhJ/nluoCg=",
        "owner": "NixOS",
        "repo": "nixpkgs",
        "rev": "60ff1ccd98a2f81347457a473c7a96b9b6166c88",
        "type": "github"
      },
      "original": {
        "owner": "NixOS",
        "repo": "nixpkgs",
        "type": "github"
      }
    },
    "root": {
      "inputs": {
        "nixpkgs": "nixpkgs"
      }
    }
  },
  "root": "root",
  "version": 7
}
