{
  "nodes": {
    "nixpkgs": {
      "locked": {
        "lastModified": 1757941119,
        "narHash": "sha256-TssJZFzMRYdWgpHySzKv4YQg6DUv5SDENiWbVgNTo0M=",
        "rev": "7ff837017c3b82bd3671932599a119d7bc672ff0",
        "revCount": 809913,
        "type": "tarball",
        "url": "https://api.flakehub.com/f/pinned/NixOS/nixpkgs/0.2505.809913%2Brev-7ff837017c3b82bd3671932599a119d7bc672ff0/01995781-7c3c-753d-bf0b-06e4f23980f4/source.tar.gz"
      },
      "original": {
        "type": "tarball",
        "url": "https://flakehub.com/f/NixOS/nixpkgs/0"
      }
    },
    "nixpkgs_2": {
      "locked": {
        "lastModified": 1744536153,
        "narHash": "sha256-awS2zRgF4uTwrOKwwiJcByDzDOdo3Q1rPZbiHQg/N38=",
        "owner": "NixOS",
        "repo": "nixpkgs",
        "rev": "18dd725c29603f582cf1900e0d25f9f1063dbf11",
        "type": "github"
      },
      "original": {
        "owner": "NixOS",
        "ref": "nixpkgs-unstable",
        "repo": "nixpkgs",
        "type": "github"
      }
    },
    "root": {
      "inputs": {
        "nixpkgs": "nixpkgs",
        "rust-overlay": "rust-overlay"
      }
    },
    "rust-overlay": {
      "inputs": {
        "nixpkgs": "nixpkgs_2"
      },
      "locked": {
        "lastModified": 1758076341,
        "narHash": "sha256-ZKi6pyRDw2/3xU7qxd+2+lneQXUOe92TiF+10DflolM=",
        "rev": "562fb6f14678eb9b8a36829140f6a4d0737776d2",
        "revCount": 1918,
        "type": "tarball",
        "url": "https://api.flakehub.com/f/pinned/oxalica/rust-overlay/0.1.1918%2Brev-562fb6f14678eb9b8a36829140f6a4d0737776d2/01995586-4a03-7420-b56c-e857fb4e6ab1/source.tar.gz"
      },
      "original": {
        "type": "tarball",
        "url": "https://flakehub.com/f/oxalica/rust-overlay/%2A"
      }
    }
  },
  "root": "root",
  "version": 7
}
