{
  "nodes": {
    "nixpkgs": {
      "locked": {
        "lastModified": 1697851979,
        "narHash": "sha256-lJ8k4qkkwdvi+t/Xc6Fn74kUuobpu9ynPGxNZR6OwoA=",
        "rev": "5550a85a087c04ddcace7f892b0bdc9d8bb080c8",
        "revCount": 491812,
        "type": "tarball",
        "url": "https://api.flakehub.com/f/pinned/NixOS/nixpkgs/0.2305.491812%2Brev-5550a85a087c04ddcace7f892b0bdc9d8bb080c8/018b5820-fc13-76a2-8a7e-6c13ab5931ad/source.tar.gz"
      },
      "original": {
        "type": "tarball",
        "url": "https://flakehub.com/f/NixOS/nixpkgs/0.2305.491812.tar.gz"
      }
    },
    "root": {
      "inputs": {
        "nixpkgs": "nixpkgs"
      }
    }
  },
  "root": "root",
  "version": 7
}
