{
  "nodes": {
    "nixpkgs": {
      "locked": {
        "lastModified": 1758070117,
        "narHash": "sha256-uLwwHFCZnT1c3N3biVe/0hCkag2GSrf9+M56+Okf+WY=",
        "rev": "e9b7f2ff62b35f711568b1f0866243c7c302028d",
        "revCount": 809980,
        "type": "tarball",
        "url": "https://api.flakehub.com/f/pinned/NixOS/nixpkgs/0.2505.809980%2Brev-e9b7f2ff62b35f711568b1f0866243c7c302028d/01995913-45ee-7fa5-bb32-349ae394a9bb/source.tar.gz"
      },
      "original": {
        "type": "tarball",
        "url": "https://flakehub.com/f/NixOS/nixpkgs/0"
      }
    },
    "root": {
      "inputs": {
        "nixpkgs": "nixpkgs"
      }
    }
  },
  "root": "root",
  "version": 7
}
